
Microsoft Visual Studio Solution File, Format Version 12.00
# Visual Studio 15
VisualStudioVersion = 15.0.28307.168
MinimumVisualStudioVersion = 10.0.40219.1
Project("{FAE04EC0-301F-11D3-BF4B-00C04F79EFBC}") = "SortAlgorithm", "SortAlgorithm\SortAlgorithm.csproj", "{219A353A-26B0-493B-BFA2-7FF9F30B7415}"
EndProject
Global
	GlobalSection(SolutionConfigurationPlatforms) = preSolution
		Debug|Any CPU = Debug|Any CPU
		Release|Any CPU = Release|Any CPU
	EndGlobalSection
	GlobalSection(ProjectConfigurationPlatforms) = postSolution
		{219A353A-26B0-493B-BFA2-7FF9F30B7415}.Debug|Any CPU.ActiveCfg = Debug|Any CPU
		{219A353A-26B0-493B-BFA2-7FF9F30B7415}.Debug|Any CPU.Build.0 = Debug|Any CPU
		{219A353A-26B0-493B-BFA2-7FF9F30B7415}.Release|Any CPU.ActiveCfg = Release|Any CPU
		{219A353A-26B0-493B-BFA2-7FF9F30B7415}.Release|Any CPU.Build.0 = Release|Any CPU
	EndGlobalSection
	GlobalSection(SolutionProperties) = preSolution
		HideSolutionNode = FALSE
	EndGlobalSection
	GlobalSection(ExtensibilityGlobals) = postSolution
		SolutionGuid = {D9B07D3D-D1A5-4DCC-AF2F-E7F97DCFEAFE}
	EndGlobalSection
EndGlobal
